// !$*UTF8*$!
{
	archiveVersion = 1;
	classes = {
	};
	objectVersion = 56;
	objects = {

/* Begin PBXBuildFile section */
		660CF2D42B0666B30071172A /* AuthResponse.swift in Sources */ = {isa = PBXBuildFile; fileRef = 660CF2D32B0666B30071172A /* AuthResponse.swift */; };
		660CF2D62B07BAFB0071172A /* SettingsModels.swift in Sources */ = {isa = PBXBuildFile; fileRef = 660CF2D52B07BAFB0071172A /* SettingsModels.swift */; };
		660CF2D72B0A88BA0071172A /* Pods_Spotify.framework in Frameworks */ = {isa = PBXBuildFile; fileRef = 0D2900EB715F2ABEE0B54798 /* Pods_Spotify.framework */; };
		660CF2D82B0A88BA0071172A /* Pods_Spotify.framework in Embed Frameworks */ = {isa = PBXBuildFile; fileRef = 0D2900EB715F2ABEE0B54798 /* Pods_Spotify.framework */; settings = {ATTRIBUTES = (CodeSignOnCopy, RemoveHeadersOnCopy, ); }; };
		663A18872B03E63800CC53F0 /* AppDelegate.swift in Sources */ = {isa = PBXBuildFile; fileRef = 663A18862B03E63800CC53F0 /* AppDelegate.swift */; };
		663A18892B03E63800CC53F0 /* SceneDelegate.swift in Sources */ = {isa = PBXBuildFile; fileRef = 663A18882B03E63800CC53F0 /* SceneDelegate.swift */; };
		663A188B2B03E63800CC53F0 /* HomeViewController.swift in Sources */ = {isa = PBXBuildFile; fileRef = 663A188A2B03E63800CC53F0 /* HomeViewController.swift */; };
		663A18902B03E63A00CC53F0 /* Assets.xcassets in Resources */ = {isa = PBXBuildFile; fileRef = 663A188F2B03E63A00CC53F0 /* Assets.xcassets */; };
		663A18932B03E63A00CC53F0 /* LaunchScreen.storyboard in Resources */ = {isa = PBXBuildFile; fileRef = 663A18912B03E63A00CC53F0 /* LaunchScreen.storyboard */; };
		663A18A22B03EC5F00CC53F0 /* TabBarViewController.swift in Sources */ = {isa = PBXBuildFile; fileRef = 663A18A12B03EC5F00CC53F0 /* TabBarViewController.swift */; };
		663A18A42B03ECA200CC53F0 /* SearchViewController.swift in Sources */ = {isa = PBXBuildFile; fileRef = 663A18A32B03ECA200CC53F0 /* SearchViewController.swift */; };
		663A18A62B03ECC600CC53F0 /* LibraryViewController.swift in Sources */ = {isa = PBXBuildFile; fileRef = 663A18A52B03ECC600CC53F0 /* LibraryViewController.swift */; };
		663A18AA2B03ED0C00CC53F0 /* AuthViewController.swift in Sources */ = {isa = PBXBuildFile; fileRef = 663A18A92B03ED0C00CC53F0 /* AuthViewController.swift */; };
		663A18AC2B03ED2200CC53F0 /* WelcomeViewController.swift in Sources */ = {isa = PBXBuildFile; fileRef = 663A18AB2B03ED2200CC53F0 /* WelcomeViewController.swift */; };
		663A18AE2B03ED3400CC53F0 /* SettingsViewController.swift in Sources */ = {isa = PBXBuildFile; fileRef = 663A18AD2B03ED3400CC53F0 /* SettingsViewController.swift */; };
		663A18B02B03ED4300CC53F0 /* ProfileViewController.swift in Sources */ = {isa = PBXBuildFile; fileRef = 663A18AF2B03ED4300CC53F0 /* ProfileViewController.swift */; };
		663A18B22B03ED5500CC53F0 /* PlayerViewController.swift in Sources */ = {isa = PBXBuildFile; fileRef = 663A18B12B03ED5500CC53F0 /* PlayerViewController.swift */; };
		663A18B42B03ED7800CC53F0 /* PlaylistViewController.swift in Sources */ = {isa = PBXBuildFile; fileRef = 663A18B32B03ED7800CC53F0 /* PlaylistViewController.swift */; };
		663A18B62B03ED9C00CC53F0 /* SearchResultsViewController.swift in Sources */ = {isa = PBXBuildFile; fileRef = 663A18B52B03ED9C00CC53F0 /* SearchResultsViewController.swift */; };
		663A18B82B03EDB700CC53F0 /* AuthManager.swift in Sources */ = {isa = PBXBuildFile; fileRef = 663A18B72B03EDB700CC53F0 /* AuthManager.swift */; };
		663A18BA2B03EDCB00CC53F0 /* APICaller.swift in Sources */ = {isa = PBXBuildFile; fileRef = 663A18B92B03EDCB00CC53F0 /* APICaller.swift */; };
		663A18BC2B03EDEC00CC53F0 /* HapticsManager.swift in Sources */ = {isa = PBXBuildFile; fileRef = 663A18BB2B03EDEC00CC53F0 /* HapticsManager.swift */; };
		663A18BE2B03EE2300CC53F0 /* Playlist.swift in Sources */ = {isa = PBXBuildFile; fileRef = 663A18BD2B03EE2300CC53F0 /* Playlist.swift */; };
		663A18C02B03EE4100CC53F0 /* Artist.swift in Sources */ = {isa = PBXBuildFile; fileRef = 663A18BF2B03EE4100CC53F0 /* Artist.swift */; };
		663A18C22B03EE5200CC53F0 /* UserProfile.swift in Sources */ = {isa = PBXBuildFile; fileRef = 663A18C12B03EE5200CC53F0 /* UserProfile.swift */; };
		663A18C42B03EE6500CC53F0 /* AudioTrack.swift in Sources */ = {isa = PBXBuildFile; fileRef = 663A18C32B03EE6500CC53F0 /* AudioTrack.swift */; };
		663A18C92B05042D00CC53F0 /* UIView + Extensions.swift in Sources */ = {isa = PBXBuildFile; fileRef = 663A18C82B05042D00CC53F0 /* UIView + Extensions.swift */; };
/* End PBXBuildFile section */

/* Begin PBXCopyFilesBuildPhase section */
		660CF2D92B0A88BA0071172A /* Embed Frameworks */ = {
			isa = PBXCopyFilesBuildPhase;
			buildActionMask = 2147483647;
			dstPath = "";
			dstSubfolderSpec = 10;
			files = (
				660CF2D82B0A88BA0071172A /* Pods_Spotify.framework in Embed Frameworks */,
			);
			name = "Embed Frameworks";
			runOnlyForDeploymentPostprocessing = 0;
		};
/* End PBXCopyFilesBuildPhase section */

/* Begin PBXFileReference section */
		0D2900EB715F2ABEE0B54798 /* Pods_Spotify.framework */ = {isa = PBXFileReference; explicitFileType = wrapper.framework; includeInIndex = 0; path = Pods_Spotify.framework; sourceTree = BUILT_PRODUCTS_DIR; };
		660CF2D32B0666B30071172A /* AuthResponse.swift */ = {isa = PBXFileReference; lastKnownFileType = sourcecode.swift; path = AuthResponse.swift; sourceTree = "<group>"; };
		660CF2D52B07BAFB0071172A /* SettingsModels.swift */ = {isa = PBXFileReference; lastKnownFileType = sourcecode.swift; path = SettingsModels.swift; sourceTree = "<group>"; };
		663A18832B03E63800CC53F0 /* Spotify.app */ = {isa = PBXFileReference; explicitFileType = wrapper.application; includeInIndex = 0; path = Spotify.app; sourceTree = BUILT_PRODUCTS_DIR; };
		663A18862B03E63800CC53F0 /* AppDelegate.swift */ = {isa = PBXFileReference; lastKnownFileType = sourcecode.swift; path = AppDelegate.swift; sourceTree = "<group>"; };
		663A18882B03E63800CC53F0 /* SceneDelegate.swift */ = {isa = PBXFileReference; lastKnownFileType = sourcecode.swift; path = SceneDelegate.swift; sourceTree = "<group>"; };
		663A188A2B03E63800CC53F0 /* HomeViewController.swift */ = {isa = PBXFileReference; lastKnownFileType = sourcecode.swift; path = HomeViewController.swift; sourceTree = "<group>"; };
		663A188F2B03E63A00CC53F0 /* Assets.xcassets */ = {isa = PBXFileReference; lastKnownFileType = folder.assetcatalog; path = Assets.xcassets; sourceTree = "<group>"; };
		663A18922B03E63A00CC53F0 /* Base */ = {isa = PBXFileReference; lastKnownFileType = file.storyboard; name = Base; path = Base.lproj/LaunchScreen.storyboard; sourceTree = "<group>"; };
		663A18942B03E63A00CC53F0 /* Info.plist */ = {isa = PBXFileReference; lastKnownFileType = text.plist.xml; path = Info.plist; sourceTree = "<group>"; };
		663A18A12B03EC5F00CC53F0 /* TabBarViewController.swift */ = {isa = PBXFileReference; lastKnownFileType = sourcecode.swift; path = TabBarViewController.swift; sourceTree = "<group>"; };
		663A18A32B03ECA200CC53F0 /* SearchViewController.swift */ = {isa = PBXFileReference; lastKnownFileType = sourcecode.swift; path = SearchViewController.swift; sourceTree = "<group>"; };
		663A18A52B03ECC600CC53F0 /* LibraryViewController.swift */ = {isa = PBXFileReference; lastKnownFileType = sourcecode.swift; path = LibraryViewController.swift; sourceTree = "<group>"; };
		663A18A92B03ED0C00CC53F0 /* AuthViewController.swift */ = {isa = PBXFileReference; lastKnownFileType = sourcecode.swift; path = AuthViewController.swift; sourceTree = "<group>"; };
		663A18AB2B03ED2200CC53F0 /* WelcomeViewController.swift */ = {isa = PBXFileReference; lastKnownFileType = sourcecode.swift; path = WelcomeViewController.swift; sourceTree = "<group>"; };
		663A18AD2B03ED3400CC53F0 /* SettingsViewController.swift */ = {isa = PBXFileReference; lastKnownFileType = sourcecode.swift; path = SettingsViewController.swift; sourceTree = "<group>"; };
		663A18AF2B03ED4300CC53F0 /* ProfileViewController.swift */ = {isa = PBXFileReference; lastKnownFileType = sourcecode.swift; path = ProfileViewController.swift; sourceTree = "<group>"; };
		663A18B12B03ED5500CC53F0 /* PlayerViewController.swift */ = {isa = PBXFileReference; lastKnownFileType = sourcecode.swift; path = PlayerViewController.swift; sourceTree = "<group>"; };
		663A18B32B03ED7800CC53F0 /* PlaylistViewController.swift */ = {isa = PBXFileReference; lastKnownFileType = sourcecode.swift; path = PlaylistViewController.swift; sourceTree = "<group>"; };
		663A18B52B03ED9C00CC53F0 /* SearchResultsViewController.swift */ = {isa = PBXFileReference; lastKnownFileType = sourcecode.swift; path = SearchResultsViewController.swift; sourceTree = "<group>"; };
		663A18B72B03EDB700CC53F0 /* AuthManager.swift */ = {isa = PBXFileReference; lastKnownFileType = sourcecode.swift; path = AuthManager.swift; sourceTree = "<group>"; };
		663A18B92B03EDCB00CC53F0 /* APICaller.swift */ = {isa = PBXFileReference; lastKnownFileType = sourcecode.swift; path = APICaller.swift; sourceTree = "<group>"; };
		663A18BB2B03EDEC00CC53F0 /* HapticsManager.swift */ = {isa = PBXFileReference; lastKnownFileType = sourcecode.swift; path = HapticsManager.swift; sourceTree = "<group>"; };
		663A18BD2B03EE2300CC53F0 /* Playlist.swift */ = {isa = PBXFileReference; lastKnownFileType = sourcecode.swift; path = Playlist.swift; sourceTree = "<group>"; };
		663A18BF2B03EE4100CC53F0 /* Artist.swift */ = {isa = PBXFileReference; lastKnownFileType = sourcecode.swift; path = Artist.swift; sourceTree = "<group>"; };
		663A18C12B03EE5200CC53F0 /* UserProfile.swift */ = {isa = PBXFileReference; lastKnownFileType = sourcecode.swift; path = UserProfile.swift; sourceTree = "<group>"; };
		663A18C32B03EE6500CC53F0 /* AudioTrack.swift */ = {isa = PBXFileReference; lastKnownFileType = sourcecode.swift; path = AudioTrack.swift; sourceTree = "<group>"; };
		663A18C82B05042D00CC53F0 /* UIView + Extensions.swift */ = {isa = PBXFileReference; lastKnownFileType = sourcecode.swift; path = "UIView + Extensions.swift"; sourceTree = "<group>"; };
		69D8D7C55FF54499EB5270F9 /* Pods-Spotify.release.xcconfig */ = {isa = PBXFileReference; includeInIndex = 1; lastKnownFileType = text.xcconfig; name = "Pods-Spotify.release.xcconfig"; path = "Target Support Files/Pods-Spotify/Pods-Spotify.release.xcconfig"; sourceTree = "<group>"; };
		7F6060C1F84C42B994C0C1BF /* Pods-Spotify.debug.xcconfig */ = {isa = PBXFileReference; includeInIndex = 1; lastKnownFileType = text.xcconfig; name = "Pods-Spotify.debug.xcconfig"; path = "Target Support Files/Pods-Spotify/Pods-Spotify.debug.xcconfig"; sourceTree = "<group>"; };
/* End PBXFileReference section */

/* Begin PBXFrameworksBuildPhase section */
		663A18802B03E63800CC53F0 /* Frameworks */ = {
			isa = PBXFrameworksBuildPhase;
			buildActionMask = 2147483647;
			files = (
				660CF2D72B0A88BA0071172A /* Pods_Spotify.framework in Frameworks */,
			);
			runOnlyForDeploymentPostprocessing = 0;
		};
/* End PBXFrameworksBuildPhase section */

/* Begin PBXGroup section */
		2D62C65C38CE9B1757C7A819 /* Frameworks */ = {
			isa = PBXGroup;
			children = (
				0D2900EB715F2ABEE0B54798 /* Pods_Spotify.framework */,
			);
			name = Frameworks;
			sourceTree = "<group>";
		};
		380A642B53E09FD82450960F /* Pods */ = {
			isa = PBXGroup;
			children = (
				7F6060C1F84C42B994C0C1BF /* Pods-Spotify.debug.xcconfig */,
				69D8D7C55FF54499EB5270F9 /* Pods-Spotify.release.xcconfig */,
			);
			path = Pods;
			sourceTree = "<group>";
		};
		663A187A2B03E63800CC53F0 = {
			isa = PBXGroup;
			children = (
				663A18852B03E63800CC53F0 /* Spotify */,
				663A18842B03E63800CC53F0 /* Products */,
				380A642B53E09FD82450960F /* Pods */,
				2D62C65C38CE9B1757C7A819 /* Frameworks */,
			);
			sourceTree = "<group>";
		};
		663A18842B03E63800CC53F0 /* Products */ = {
			isa = PBXGroup;
			children = (
				663A18832B03E63800CC53F0 /* Spotify.app */,
			);
			name = Products;
			sourceTree = "<group>";
		};
		663A18852B03E63800CC53F0 /* Spotify */ = {
			isa = PBXGroup;
			children = (
				663A189F2B03E75A00CC53F0 /* Application */,
				663A18C52B03EEB600CC53F0 /* NavigationModule */,
				663A189E2B03E6CB00CC53F0 /* Managers */,
				663A189D2B03E6BD00CC53F0 /* ViewModels */,
				663A189C2B03E6B300CC53F0 /* Models */,
				663A189B2B03E6A400CC53F0 /* Views */,
				663A189A2B03E69900CC53F0 /* Controllers */,
				663A18C62B0503EC00CC53F0 /* Extensions */,
				663A18A02B03E7AE00CC53F0 /* SupportingFiles */,
			);
			path = Spotify;
			sourceTree = "<group>";
		};
		663A189A2B03E69900CC53F0 /* Controllers */ = {
			isa = PBXGroup;
			children = (
				663A18A82B03ECF000CC53F0 /* Other */,
				663A18A72B03ECD600CC53F0 /* Core */,
			);
			path = Controllers;
			sourceTree = "<group>";
		};
		663A189B2B03E6A400CC53F0 /* Views */ = {
			isa = PBXGroup;
			children = (
				663A18912B03E63A00CC53F0 /* LaunchScreen.storyboard */,
			);
			path = Views;
			sourceTree = "<group>";
		};
		663A189C2B03E6B300CC53F0 /* Models */ = {
			isa = PBXGroup;
			children = (
				660CF2D32B0666B30071172A /* AuthResponse.swift */,
				663A18BD2B03EE2300CC53F0 /* Playlist.swift */,
				663A18BF2B03EE4100CC53F0 /* Artist.swift */,
				663A18C12B03EE5200CC53F0 /* UserProfile.swift */,
				663A18C32B03EE6500CC53F0 /* AudioTrack.swift */,
				660CF2D52B07BAFB0071172A /* SettingsModels.swift */,
			);
			path = Models;
			sourceTree = "<group>";
		};
		663A189D2B03E6BD00CC53F0 /* ViewModels */ = {
			isa = PBXGroup;
			children = (
			);
			path = ViewModels;
			sourceTree = "<group>";
		};
		663A189E2B03E6CB00CC53F0 /* Managers */ = {
			isa = PBXGroup;
			children = (
				663A18B72B03EDB700CC53F0 /* AuthManager.swift */,
				663A18B92B03EDCB00CC53F0 /* APICaller.swift */,
				663A18BB2B03EDEC00CC53F0 /* HapticsManager.swift */,
			);
			path = Managers;
			sourceTree = "<group>";
		};
		663A189F2B03E75A00CC53F0 /* Application */ = {
			isa = PBXGroup;
			children = (
				663A18862B03E63800CC53F0 /* AppDelegate.swift */,
				663A18882B03E63800CC53F0 /* SceneDelegate.swift */,
			);
			path = Application;
			sourceTree = "<group>";
		};
		663A18A02B03E7AE00CC53F0 /* SupportingFiles */ = {
			isa = PBXGroup;
			children = (
				663A188F2B03E63A00CC53F0 /* Assets.xcassets */,
				663A18942B03E63A00CC53F0 /* Info.plist */,
			);
			path = SupportingFiles;
			sourceTree = "<group>";
		};
		663A18A72B03ECD600CC53F0 /* Core */ = {
			isa = PBXGroup;
			children = (
				663A188A2B03E63800CC53F0 /* HomeViewController.swift */,
				663A18A32B03ECA200CC53F0 /* SearchViewController.swift */,
				663A18A52B03ECC600CC53F0 /* LibraryViewController.swift */,
			);
			path = Core;
			sourceTree = "<group>";
		};
		663A18A82B03ECF000CC53F0 /* Other */ = {
			isa = PBXGroup;
			children = (
				663A18AF2B03ED4300CC53F0 /* ProfileViewController.swift */,
				663A18A92B03ED0C00CC53F0 /* AuthViewController.swift */,
				663A18AB2B03ED2200CC53F0 /* WelcomeViewController.swift */,
				663A18AD2B03ED3400CC53F0 /* SettingsViewController.swift */,
				663A18B12B03ED5500CC53F0 /* PlayerViewController.swift */,
				663A18B32B03ED7800CC53F0 /* PlaylistViewController.swift */,
				663A18B52B03ED9C00CC53F0 /* SearchResultsViewController.swift */,
			);
			path = Other;
			sourceTree = "<group>";
		};
		663A18C52B03EEB600CC53F0 /* NavigationModule */ = {
			isa = PBXGroup;
			children = (
				663A18A12B03EC5F00CC53F0 /* TabBarViewController.swift */,
			);
			path = NavigationModule;
			sourceTree = "<group>";
		};
		663A18C62B0503EC00CC53F0 /* Extensions */ = {
			isa = PBXGroup;
			children = (
				663A18C72B05040E00CC53F0 /* UIKit */,
			);
			path = Extensions;
			sourceTree = "<group>";
		};
		663A18C72B05040E00CC53F0 /* UIKit */ = {
			isa = PBXGroup;
			children = (
				663A18C82B05042D00CC53F0 /* UIView + Extensions.swift */,
			);
			path = UIKit;
			sourceTree = "<group>";
		};
/* End PBXGroup section */

/* Begin PBXNativeTarget section */
		663A18822B03E63800CC53F0 /* Spotify */ = {
			isa = PBXNativeTarget;
			buildConfigurationList = 663A18972B03E63A00CC53F0 /* Build configuration list for PBXNativeTarget "Spotify" */;
			buildPhases = (
				4FF6F95BACD610C3E04694E1 /* [CP] Check Pods Manifest.lock */,
				663A187F2B03E63800CC53F0 /* Sources */,
				663A18802B03E63800CC53F0 /* Frameworks */,
				663A18812B03E63800CC53F0 /* Resources */,
				DA8E91AF2CEFA8185505E5CB /* [CP] Embed Pods Frameworks */,
				660CF2D92B0A88BA0071172A /* Embed Frameworks */,
			);
			buildRules = (
			);
			dependencies = (
			);
			name = Spotify;
			productName = Spotify;
			productReference = 663A18832B03E63800CC53F0 /* Spotify.app */;
			productType = "com.apple.product-type.application";
		};
/* End PBXNativeTarget section */

/* Begin PBXProject section */
		663A187B2B03E63800CC53F0 /* Project object */ = {
			isa = PBXProject;
			attributes = {
				BuildIndependentTargetsInParallel = 1;
				LastSwiftUpdateCheck = 1410;
				LastUpgradeCheck = 1410;
				TargetAttributes = {
					663A18822B03E63800CC53F0 = {
						CreatedOnToolsVersion = 14.1;
					};
				};
			};
			buildConfigurationList = 663A187E2B03E63800CC53F0 /* Build configuration list for PBXProject "Spotify" */;
			compatibilityVersion = "Xcode 14.0";
			developmentRegion = en;
			hasScannedForEncodings = 0;
			knownRegions = (
				en,
				Base,
			);
			mainGroup = 663A187A2B03E63800CC53F0;
			productRefGroup = 663A18842B03E63800CC53F0 /* Products */;
			projectDirPath = "";
			projectRoot = "";
			targets = (
				663A18822B03E63800CC53F0 /* Spotify */,
			);
		};
/* End PBXProject section */

/* Begin PBXResourcesBuildPhase section */
		663A18812B03E63800CC53F0 /* Resources */ = {
			isa = PBXResourcesBuildPhase;
			buildActionMask = 2147483647;
			files = (
				663A18932B03E63A00CC53F0 /* LaunchScreen.storyboard in Resources */,
				663A18902B03E63A00CC53F0 /* Assets.xcassets in Resources */,
			);
			runOnlyForDeploymentPostprocessing = 0;
		};
/* End PBXResourcesBuildPhase section */

/* Begin PBXShellScriptBuildPhase section */
		4FF6F95BACD610C3E04694E1 /* [CP] Check Pods Manifest.lock */ = {
			isa = PBXShellScriptBuildPhase;
			buildActionMask = 2147483647;
			files = (
			);
			inputFileListPaths = (
			);
			inputPaths = (
				"${PODS_PODFILE_DIR_PATH}/Podfile.lock",
				"${PODS_ROOT}/Manifest.lock",
			);
			name = "[CP] Check Pods Manifest.lock";
			outputFileListPaths = (
			);
			outputPaths = (
				"$(DERIVED_FILE_DIR)/Pods-Spotify-checkManifestLockResult.txt",
			);
			runOnlyForDeploymentPostprocessing = 0;
			shellPath = /bin/sh;
			shellScript = "diff \"${PODS_PODFILE_DIR_PATH}/Podfile.lock\" \"${PODS_ROOT}/Manifest.lock\" > /dev/null\nif [ $? != 0 ] ; then\n    # print error to STDERR\n    echo \"error: The sandbox is not in sync with the Podfile.lock. Run 'pod install' or update your CocoaPods installation.\" >&2\n    exit 1\nfi\n# This output is used by Xcode 'outputs' to avoid re-running this script phase.\necho \"SUCCESS\" > \"${SCRIPT_OUTPUT_FILE_0}\"\n";
			showEnvVarsInLog = 0;
		};
		DA8E91AF2CEFA8185505E5CB /* [CP] Embed Pods Frameworks */ = {
			isa = PBXShellScriptBuildPhase;
			buildActionMask = 2147483647;
			files = (
			);
			inputFileListPaths = (
				"${PODS_ROOT}/Target Support Files/Pods-Spotify/Pods-Spotify-frameworks-${CONFIGURATION}-input-files.xcfilelist",
			);
			name = "[CP] Embed Pods Frameworks";
			outputFileListPaths = (
				"${PODS_ROOT}/Target Support Files/Pods-Spotify/Pods-Spotify-frameworks-${CONFIGURATION}-output-files.xcfilelist",
			);
			runOnlyForDeploymentPostprocessing = 0;
			shellPath = /bin/sh;
			shellScript = "\"${PODS_ROOT}/Target Support Files/Pods-Spotify/Pods-Spotify-frameworks.sh\"\n";
			showEnvVarsInLog = 0;
		};
/* End PBXShellScriptBuildPhase section */

/* Begin PBXSourcesBuildPhase section */
		663A187F2B03E63800CC53F0 /* Sources */ = {
			isa = PBXSourcesBuildPhase;
			buildActionMask = 2147483647;
			files = (
				663A18A42B03ECA200CC53F0 /* SearchViewController.swift in Sources */,
				663A18BE2B03EE2300CC53F0 /* Playlist.swift in Sources */,
				663A18B82B03EDB700CC53F0 /* AuthManager.swift in Sources */,
				663A18B62B03ED9C00CC53F0 /* SearchResultsViewController.swift in Sources */,
				663A18AC2B03ED2200CC53F0 /* WelcomeViewController.swift in Sources */,
				663A18B02B03ED4300CC53F0 /* ProfileViewController.swift in Sources */,
				663A18C42B03EE6500CC53F0 /* AudioTrack.swift in Sources */,
				663A18C92B05042D00CC53F0 /* UIView + Extensions.swift in Sources */,
				660CF2D42B0666B30071172A /* AuthResponse.swift in Sources */,
				663A18A22B03EC5F00CC53F0 /* TabBarViewController.swift in Sources */,
				663A18BC2B03EDEC00CC53F0 /* HapticsManager.swift in Sources */,
				663A188B2B03E63800CC53F0 /* HomeViewController.swift in Sources */,
				663A18AA2B03ED0C00CC53F0 /* AuthViewController.swift in Sources */,
				663A18872B03E63800CC53F0 /* AppDelegate.swift in Sources */,
				663A18A62B03ECC600CC53F0 /* LibraryViewController.swift in Sources */,
				663A18C02B03EE4100CC53F0 /* Artist.swift in Sources */,
				663A18B42B03ED7800CC53F0 /* PlaylistViewController.swift in Sources */,
				660CF2D62B07BAFB0071172A /* SettingsModels.swift in Sources */,
				663A18C22B03EE5200CC53F0 /* UserProfile.swift in Sources */,
				663A18892B03E63800CC53F0 /* SceneDelegate.swift in Sources */,
				663A18B22B03ED5500CC53F0 /* PlayerViewController.swift in Sources */,
				663A18BA2B03EDCB00CC53F0 /* APICaller.swift in Sources */,
				663A18AE2B03ED3400CC53F0 /* SettingsViewController.swift in Sources */,
			);
			runOnlyForDeploymentPostprocessing = 0;
		};
/* End PBXSourcesBuildPhase section */

/* Begin PBXVariantGroup section */
		663A18912B03E63A00CC53F0 /* LaunchScreen.storyboard */ = {
			isa = PBXVariantGroup;
			children = (
				663A18922B03E63A00CC53F0 /* Base */,
			);
			name = LaunchScreen.storyboard;
			sourceTree = "<group>";
		};
/* End PBXVariantGroup section */

/* Begin XCBuildConfiguration section */
		663A18952B03E63A00CC53F0 /* Debug */ = {
			isa = XCBuildConfiguration;
			buildSettings = {
				ALWAYS_SEARCH_USER_PATHS = NO;
				CLANG_ANALYZER_NONNULL = YES;
				CLANG_ANALYZER_NUMBER_OBJECT_CONVERSION = YES_AGGRESSIVE;
				CLANG_CXX_LANGUAGE_STANDARD = "gnu++20";
				CLANG_ENABLE_MODULES = YES;
				CLANG_ENABLE_OBJC_ARC = YES;
				CLANG_ENABLE_OBJC_WEAK = YES;
				CLANG_WARN_BLOCK_CAPTURE_AUTORELEASING = YES;
				CLANG_WARN_BOOL_CONVERSION = YES;
				CLANG_WARN_COMMA = YES;
				CLANG_WARN_CONSTANT_CONVERSION = YES;
				CLANG_WARN_DEPRECATED_OBJC_IMPLEMENTATIONS = YES;
				CLANG_WARN_DIRECT_OBJC_ISA_USAGE = YES_ERROR;
				CLANG_WARN_DOCUMENTATION_COMMENTS = YES;
				CLANG_WARN_EMPTY_BODY = YES;
				CLANG_WARN_ENUM_CONVERSION = YES;
				CLANG_WARN_INFINITE_RECURSION = YES;
				CLANG_WARN_INT_CONVERSION = YES;
				CLANG_WARN_NON_LITERAL_NULL_CONVERSION = YES;
				CLANG_WARN_OBJC_IMPLICIT_RETAIN_SELF = YES;
				CLANG_WARN_OBJC_LITERAL_CONVERSION = YES;
				CLANG_WARN_OBJC_ROOT_CLASS = YES_ERROR;
				CLANG_WARN_QUOTED_INCLUDE_IN_FRAMEWORK_HEADER = YES;
				CLANG_WARN_RANGE_LOOP_ANALYSIS = YES;
				CLANG_WARN_STRICT_PROTOTYPES = YES;
				CLANG_WARN_SUSPICIOUS_MOVE = YES;
				CLANG_WARN_UNGUARDED_AVAILABILITY = YES_AGGRESSIVE;
				CLANG_WARN_UNREACHABLE_CODE = YES;
				CLANG_WARN__DUPLICATE_METHOD_MATCH = YES;
				COPY_PHASE_STRIP = NO;
				DEBUG_INFORMATION_FORMAT = dwarf;
				ENABLE_STRICT_OBJC_MSGSEND = YES;
				ENABLE_TESTABILITY = YES;
				GCC_C_LANGUAGE_STANDARD = gnu11;
				GCC_DYNAMIC_NO_PIC = NO;
				GCC_NO_COMMON_BLOCKS = YES;
				GCC_OPTIMIZATION_LEVEL = 0;
				GCC_PREPROCESSOR_DEFINITIONS = (
					"DEBUG=1",
					"$(inherited)",
				);
				GCC_WARN_64_TO_32_BIT_CONVERSION = YES;
				GCC_WARN_ABOUT_RETURN_TYPE = YES_ERROR;
				GCC_WARN_UNDECLARED_SELECTOR = YES;
				GCC_WARN_UNINITIALIZED_AUTOS = YES_AGGRESSIVE;
				GCC_WARN_UNUSED_FUNCTION = YES;
				GCC_WARN_UNUSED_VARIABLE = YES;
				IPHONEOS_DEPLOYMENT_TARGET = 17.0;
				MTL_ENABLE_DEBUG_INFO = INCLUDE_SOURCE;
				MTL_FAST_MATH = YES;
				ONLY_ACTIVE_ARCH = YES;
				SDKROOT = iphoneos;
				SWIFT_ACTIVE_COMPILATION_CONDITIONS = DEBUG;
				SWIFT_OPTIMIZATION_LEVEL = "-Onone";
			};
			name = Debug;
		};
		663A18962B03E63A00CC53F0 /* Release */ = {
			isa = XCBuildConfiguration;
			buildSettings = {
				ALWAYS_SEARCH_USER_PATHS = NO;
				CLANG_ANALYZER_NONNULL = YES;
				CLANG_ANALYZER_NUMBER_OBJECT_CONVERSION = YES_AGGRESSIVE;
				CLANG_CXX_LANGUAGE_STANDARD = "gnu++20";
				CLANG_ENABLE_MODULES = YES;
				CLANG_ENABLE_OBJC_ARC = YES;
				CLANG_ENABLE_OBJC_WEAK = YES;
				CLANG_WARN_BLOCK_CAPTURE_AUTORELEASING = YES;
				CLANG_WARN_BOOL_CONVERSION = YES;
				CLANG_WARN_COMMA = YES;
				CLANG_WARN_CONSTANT_CONVERSION = YES;
				CLANG_WARN_DEPRECATED_OBJC_IMPLEMENTATIONS = YES;
				CLANG_WARN_DIRECT_OBJC_ISA_USAGE = YES_ERROR;
				CLANG_WARN_DOCUMENTATION_COMMENTS = YES;
				CLANG_WARN_EMPTY_BODY = YES;
				CLANG_WARN_ENUM_CONVERSION = YES;
				CLANG_WARN_INFINITE_RECURSION = YES;
				CLANG_WARN_INT_CONVERSION = YES;
				CLANG_WARN_NON_LITERAL_NULL_CONVERSION = YES;
				CLANG_WARN_OBJC_IMPLICIT_RETAIN_SELF = YES;
				CLANG_WARN_OBJC_LITERAL_CONVERSION = YES;
				CLANG_WARN_OBJC_ROOT_CLASS = YES_ERROR;
				CLANG_WARN_QUOTED_INCLUDE_IN_FRAMEWORK_HEADER = YES;
				CLANG_WARN_RANGE_LOOP_ANALYSIS = YES;
				CLANG_WARN_STRICT_PROTOTYPES = YES;
				CLANG_WARN_SUSPICIOUS_MOVE = YES;
				CLANG_WARN_UNGUARDED_AVAILABILITY = YES_AGGRESSIVE;
				CLANG_WARN_UNREACHABLE_CODE = YES;
				CLANG_WARN__DUPLICATE_METHOD_MATCH = YES;
				COPY_PHASE_STRIP = NO;
				DEBUG_INFORMATION_FORMAT = "dwarf-with-dsym";
				ENABLE_NS_ASSERTIONS = NO;
				ENABLE_STRICT_OBJC_MSGSEND = YES;
				GCC_C_LANGUAGE_STANDARD = gnu11;
				GCC_NO_COMMON_BLOCKS = YES;
				GCC_WARN_64_TO_32_BIT_CONVERSION = YES;
				GCC_WARN_ABOUT_RETURN_TYPE = YES_ERROR;
				GCC_WARN_UNDECLARED_SELECTOR = YES;
				GCC_WARN_UNINITIALIZED_AUTOS = YES_AGGRESSIVE;
				GCC_WARN_UNUSED_FUNCTION = YES;
				GCC_WARN_UNUSED_VARIABLE = YES;
				IPHONEOS_DEPLOYMENT_TARGET = 17.0;
				MTL_ENABLE_DEBUG_INFO = NO;
				MTL_FAST_MATH = YES;
				SDKROOT = iphoneos;
				SWIFT_COMPILATION_MODE = wholemodule;
				SWIFT_OPTIMIZATION_LEVEL = "-O";
				VALIDATE_PRODUCT = YES;
			};
			name = Release;
		};
		663A18982B03E63A00CC53F0 /* Debug */ = {
			isa = XCBuildConfiguration;
			baseConfigurationReference = 7F6060C1F84C42B994C0C1BF /* Pods-Spotify.debug.xcconfig */;
			buildSettings = {
				ASSETCATALOG_COMPILER_APPICON_NAME = AppIcon;
				ASSETCATALOG_COMPILER_GLOBAL_ACCENT_COLOR_NAME = AccentColor;
				CODE_SIGN_STYLE = Automatic;
				CURRENT_PROJECT_VERSION = 1;
				DEVELOPMENT_TEAM = Q453TK55P5;
				GENERATE_INFOPLIST_FILE = YES;
				INFOPLIST_FILE = Spotify/SupportingFiles/Info.plist;
				INFOPLIST_KEY_UIApplicationSupportsIndirectInputEvents = YES;
				INFOPLIST_KEY_UILaunchStoryboardName = LaunchScreen;
				INFOPLIST_KEY_UISupportedInterfaceOrientations = UIInterfaceOrientationPortrait;
				INFOPLIST_KEY_UISupportedInterfaceOrientations_iPad = "UIInterfaceOrientationLandscapeLeft UIInterfaceOrientationLandscapeRight UIInterfaceOrientationPortrait UIInterfaceOrientationPortraitUpsideDown";
				IPHONEOS_DEPLOYMENT_TARGET = 17.0;
				LD_RUNPATH_SEARCH_PATHS = (
					"$(inherited)",
					"@executable_path/Frameworks",
				);
				MARKETING_VERSION = 1.0;
				PRODUCT_BUNDLE_IDENTIFIER = "Dmitrii-Iakovlev.Spotify";
				PRODUCT_NAME = "$(TARGET_NAME)";
				SUPPORTED_PLATFORMS = "iphoneos iphonesimulator";
				SUPPORTS_MACCATALYST = NO;
				SUPPORTS_MAC_DESIGNED_FOR_IPHONE_IPAD = NO;
				SWIFT_EMIT_LOC_STRINGS = YES;
				SWIFT_VERSION = 5.0;
				TARGETED_DEVICE_FAMILY = 1;
			};
			name = Debug;
		};
		663A18992B03E63A00CC53F0 /* Release */ = {
			isa = XCBuildConfiguration;
			baseConfigurationReference = 69D8D7C55FF54499EB5270F9 /* Pods-Spotify.release.xcconfig */;
			buildSettings = {
				ASSETCATALOG_COMPILER_APPICON_NAME = AppIcon;
				ASSETCATALOG_COMPILER_GLOBAL_ACCENT_COLOR_NAME = AccentColor;
				CODE_SIGN_STYLE = Automatic;
				CURRENT_PROJECT_VERSION = 1;
				DEVELOPMENT_TEAM = Q453TK55P5;
				GENERATE_INFOPLIST_FILE = YES;
				INFOPLIST_FILE = Spotify/SupportingFiles/Info.plist;
				INFOPLIST_KEY_UIApplicationSupportsIndirectInputEvents = YES;
				INFOPLIST_KEY_UILaunchStoryboardName = LaunchScreen;
				INFOPLIST_KEY_UISupportedInterfaceOrientations = UIInterfaceOrientationPortrait;
				INFOPLIST_KEY_UISupportedInterfaceOrientations_iPad = "UIInterfaceOrientationLandscapeLeft UIInterfaceOrientationLandscapeRight UIInterfaceOrientationPortrait UIInterfaceOrientationPortraitUpsideDown";
				IPHONEOS_DEPLOYMENT_TARGET = 17.0;
				LD_RUNPATH_SEARCH_PATHS = (
					"$(inherited)",
					"@executable_path/Frameworks",
				);
				MARKETING_VERSION = 1.0;
				PRODUCT_BUNDLE_IDENTIFIER = "Dmitrii-Iakovlev.Spotify";
				PRODUCT_NAME = "$(TARGET_NAME)";
				SUPPORTED_PLATFORMS = "iphoneos iphonesimulator";
				SUPPORTS_MACCATALYST = NO;
				SUPPORTS_MAC_DESIGNED_FOR_IPHONE_IPAD = NO;
				SWIFT_EMIT_LOC_STRINGS = YES;
				SWIFT_VERSION = 5.0;
				TARGETED_DEVICE_FAMILY = 1;
			};
			name = Release;
		};
/* End XCBuildConfiguration section */

/* Begin XCConfigurationList section */
		663A187E2B03E63800CC53F0 /* Build configuration list for PBXProject "Spotify" */ = {
			isa = XCConfigurationList;
			buildConfigurations = (
				663A18952B03E63A00CC53F0 /* Debug */,
				663A18962B03E63A00CC53F0 /* Release */,
			);
			defaultConfigurationIsVisible = 0;
			defaultConfigurationName = Release;
		};
		663A18972B03E63A00CC53F0 /* Build configuration list for PBXNativeTarget "Spotify" */ = {
			isa = XCConfigurationList;
			buildConfigurations = (
				663A18982B03E63A00CC53F0 /* Debug */,
				663A18992B03E63A00CC53F0 /* Release */,
			);
			defaultConfigurationIsVisible = 0;
			defaultConfigurationName = Release;
		};
/* End XCConfigurationList section */
	};
	rootObject = 663A187B2B03E63800CC53F0 /* Project object */;
}
